// !$*UTF8*$!
{
	archiveVersion = 1;
	classes = {
	};
	objectVersion = 46;
	objects = {

/* Begin PBXBuildFile section */
		B72BC2BF1B871EEB00F5B69E /* Constants.swift in Sources */ = {isa = PBXBuildFile; fileRef = B72BC2BE1B871EEB00F5B69E /* Constants.swift */; };
		B72CA6341B83D82200C4B5AC /* DialsCoreManager.h in Headers */ = {isa = PBXBuildFile; fileRef = B72CA6331B83D82200C4B5AC /* DialsCoreManager.h */; settings = {ATTRIBUTES = (Public, ); }; };
		B72CA63B1B83D82200C4B5AC /* DialsCoreManager.framework in Frameworks */ = {isa = PBXBuildFile; fileRef = B72CA6301B83D82200C4B5AC /* DialsCoreManager.framework */; };
		B72CA6401B83D82200C4B5AC /* DialsCoreManagerTests.swift in Sources */ = {isa = PBXBuildFile; fileRef = B72CA63F1B83D82200C4B5AC /* DialsCoreManagerTests.swift */; };
		B72CA64F1B83DA8A00C4B5AC /* Event.swift in Sources */ = {isa = PBXBuildFile; fileRef = B72CA64D1B83DA8A00C4B5AC /* Event.swift */; };
		B72CA6501B83DA8A00C4B5AC /* User.swift in Sources */ = {isa = PBXBuildFile; fileRef = B72CA64E1B83DA8A00C4B5AC /* User.swift */; };
		B72CA6521B83DAC400C4B5AC /* DSSyncManager.swift in Sources */ = {isa = PBXBuildFile; fileRef = B72CA6511B83DAC400C4B5AC /* DSSyncManager.swift */; };
		B72CA6541B83DADD00C4B5AC /* DSAPIManager.swift in Sources */ = {isa = PBXBuildFile; fileRef = B72CA6531B83DADD00C4B5AC /* DSAPIManager.swift */; };
		B72CA6711B83F57C00C4B5AC /* Account.swift in Sources */ = {isa = PBXBuildFile; fileRef = B72CA6701B83F57C00C4B5AC /* Account.swift */; };
		B745266B1B889AF7001F40C1 /* User+Utils.swift in Sources */ = {isa = PBXBuildFile; fileRef = B745266A1B889AF7001F40C1 /* User+Utils.swift */; };
		B745266D1B889C77001F40C1 /* Account+Utils.swift in Sources */ = {isa = PBXBuildFile; fileRef = B745266C1B889C77001F40C1 /* Account+Utils.swift */; };
		B745266F1B889C83001F40C1 /* Calendar+Utils.swift in Sources */ = {isa = PBXBuildFile; fileRef = B745266E1B889C83001F40C1 /* Calendar+Utils.swift */; };
		B74526711B889C8C001F40C1 /* Event+Utils.swift in Sources */ = {isa = PBXBuildFile; fileRef = B74526701B889C8C001F40C1 /* Event+Utils.swift */; };
		B7726ED91B870DA700547573 /* DSUtils.swift in Sources */ = {isa = PBXBuildFile; fileRef = B7726ED81B870DA700547573 /* DSUtils.swift */; };
		B7726EDB1B87112800547573 /* Calendar.swift in Sources */ = {isa = PBXBuildFile; fileRef = B7726EDA1B87112800547573 /* Calendar.swift */; };
/* End PBXBuildFile section */

/* Begin PBXContainerItemProxy section */
		B72CA63C1B83D82200C4B5AC /* PBXContainerItemProxy */ = {
			isa = PBXContainerItemProxy;
			containerPortal = B72CA6271B83D82200C4B5AC /* Project object */;
			proxyType = 1;
			remoteGlobalIDString = B72CA62F1B83D82200C4B5AC;
			remoteInfo = DialsCoreManager;
		};
/* End PBXContainerItemProxy section */

/* Begin PBXFileReference section */
		B72BC2BE1B871EEB00F5B69E /* Constants.swift */ = {isa = PBXFileReference; fileEncoding = 4; lastKnownFileType = sourcecode.swift; path = Constants.swift; sourceTree = "<group>"; };
		B72CA6301B83D82200C4B5AC /* DialsCoreManager.framework */ = {isa = PBXFileReference; explicitFileType = wrapper.framework; includeInIndex = 0; path = DialsCoreManager.framework; sourceTree = BUILT_PRODUCTS_DIR; };
		B72CA6331B83D82200C4B5AC /* DialsCoreManager.h */ = {isa = PBXFileReference; lastKnownFileType = sourcecode.c.h; path = DialsCoreManager.h; sourceTree = "<group>"; };
		B72CA6351B83D82200C4B5AC /* Info.plist */ = {isa = PBXFileReference; lastKnownFileType = text.plist.xml; path = Info.plist; sourceTree = "<group>"; };
		B72CA63A1B83D82200C4B5AC /* DialsCoreManagerTests.xctest */ = {isa = PBXFileReference; explicitFileType = wrapper.cfbundle; includeInIndex = 0; path = DialsCoreManagerTests.xctest; sourceTree = BUILT_PRODUCTS_DIR; };
		B72CA63F1B83D82200C4B5AC /* DialsCoreManagerTests.swift */ = {isa = PBXFileReference; lastKnownFileType = sourcecode.swift; path = DialsCoreManagerTests.swift; sourceTree = "<group>"; };
		B72CA6411B83D82200C4B5AC /* Info.plist */ = {isa = PBXFileReference; lastKnownFileType = text.plist.xml; path = Info.plist; sourceTree = "<group>"; };
		B72CA64D1B83DA8A00C4B5AC /* Event.swift */ = {isa = PBXFileReference; fileEncoding = 4; lastKnownFileType = sourcecode.swift; path = Event.swift; sourceTree = "<group>"; };
		B72CA64E1B83DA8A00C4B5AC /* User.swift */ = {isa = PBXFileReference; fileEncoding = 4; lastKnownFileType = sourcecode.swift; path = User.swift; sourceTree = "<group>"; };
		B72CA6511B83DAC400C4B5AC /* DSSyncManager.swift */ = {isa = PBXFileReference; fileEncoding = 4; lastKnownFileType = sourcecode.swift; path = DSSyncManager.swift; sourceTree = "<group>"; };
		B72CA6531B83DADD00C4B5AC /* DSAPIManager.swift */ = {isa = PBXFileReference; fileEncoding = 4; lastKnownFileType = sourcecode.swift; path = DSAPIManager.swift; sourceTree = "<group>"; };
		B72CA6701B83F57C00C4B5AC /* Account.swift */ = {isa = PBXFileReference; fileEncoding = 4; lastKnownFileType = sourcecode.swift; path = Account.swift; sourceTree = "<group>"; };
		B745266A1B889AF7001F40C1 /* User+Utils.swift */ = {isa = PBXFileReference; fileEncoding = 4; lastKnownFileType = sourcecode.swift; path = "User+Utils.swift"; sourceTree = "<group>"; };
		B745266C1B889C77001F40C1 /* Account+Utils.swift */ = {isa = PBXFileReference; fileEncoding = 4; lastKnownFileType = sourcecode.swift; path = "Account+Utils.swift"; sourceTree = "<group>"; };
		B745266E1B889C83001F40C1 /* Calendar+Utils.swift */ = {isa = PBXFileReference; fileEncoding = 4; lastKnownFileType = sourcecode.swift; path = "Calendar+Utils.swift"; sourceTree = "<group>"; };
		B74526701B889C8C001F40C1 /* Event+Utils.swift */ = {isa = PBXFileReference; fileEncoding = 4; lastKnownFileType = sourcecode.swift; path = "Event+Utils.swift"; sourceTree = "<group>"; };
		B7726ED81B870DA700547573 /* DSUtils.swift */ = {isa = PBXFileReference; fileEncoding = 4; lastKnownFileType = sourcecode.swift; path = DSUtils.swift; sourceTree = "<group>"; };
		B7726EDA1B87112800547573 /* Calendar.swift */ = {isa = PBXFileReference; fileEncoding = 4; lastKnownFileType = sourcecode.swift; path = Calendar.swift; sourceTree = "<group>"; };
/* End PBXFileReference section */

/* Begin PBXFrameworksBuildPhase section */
		B72CA62C1B83D82200C4B5AC /* Frameworks */ = {
			isa = PBXFrameworksBuildPhase;
			buildActionMask = 2147483647;
			files = (
			);
			runOnlyForDeploymentPostprocessing = 0;
		};
		B72CA6371B83D82200C4B5AC /* Frameworks */ = {
			isa = PBXFrameworksBuildPhase;
			buildActionMask = 2147483647;
			files = (
				B72CA63B1B83D82200C4B5AC /* DialsCoreManager.framework in Frameworks */,
			);
			runOnlyForDeploymentPostprocessing = 0;
		};
/* End PBXFrameworksBuildPhase section */

/* Begin PBXGroup section */
		B72CA6261B83D82200C4B5AC = {
			isa = PBXGroup;
			children = (
				B72CA6321B83D82200C4B5AC /* DialsCoreManager */,
				B72CA63E1B83D82200C4B5AC /* DialsCoreManagerTests */,
				B72CA6311B83D82200C4B5AC /* Products */,
			);
			sourceTree = "<group>";
		};
		B72CA6311B83D82200C4B5AC /* Products */ = {
			isa = PBXGroup;
			children = (
				B72CA6301B83D82200C4B5AC /* DialsCoreManager.framework */,
				B72CA63A1B83D82200C4B5AC /* DialsCoreManagerTests.xctest */,
			);
			name = Products;
			sourceTree = "<group>";
		};
		B72CA6321B83D82200C4B5AC /* DialsCoreManager */ = {
			isa = PBXGroup;
			children = (
				B72CA6331B83D82200C4B5AC /* DialsCoreManager.h */,
				B7726ED71B870D8300547573 /* Misc */,
				B72CA64B1B83DA5200C4B5AC /* Models */,
				B72CA64A1B83DA5200C4B5AC /* Managers */,
				B72CA6351B83D82200C4B5AC /* Info.plist */,
			);
			path = DialsCoreManager;
			sourceTree = "<group>";
		};
		B72CA63E1B83D82200C4B5AC /* DialsCoreManagerTests */ = {
			isa = PBXGroup;
			children = (
				B72CA63F1B83D82200C4B5AC /* DialsCoreManagerTests.swift */,
				B72CA6411B83D82200C4B5AC /* Info.plist */,
			);
			path = DialsCoreManagerTests;
			sourceTree = "<group>";
		};
		B72CA64A1B83DA5200C4B5AC /* Managers */ = {
			isa = PBXGroup;
			children = (
				B72CA6511B83DAC400C4B5AC /* DSSyncManager.swift */,
				B72CA6531B83DADD00C4B5AC /* DSAPIManager.swift */,
			);
			path = Managers;
			sourceTree = "<group>";
		};
		B72CA64B1B83DA5200C4B5AC /* Models */ = {
			isa = PBXGroup;
			children = (
				B74526691B889AC8001F40C1 /* Extensions */,
				B72CA64E1B83DA8A00C4B5AC /* User.swift */,
				B72CA6701B83F57C00C4B5AC /* Account.swift */,
				B7726EDA1B87112800547573 /* Calendar.swift */,
				B72CA64D1B83DA8A00C4B5AC /* Event.swift */,
			);
			path = Models;
			sourceTree = "<group>";
		};
		B74526691B889AC8001F40C1 /* Extensions */ = {
			isa = PBXGroup;
			children = (
				B745266A1B889AF7001F40C1 /* User+Utils.swift */,
				B745266C1B889C77001F40C1 /* Account+Utils.swift */,
				B745266E1B889C83001F40C1 /* Calendar+Utils.swift */,
				B74526701B889C8C001F40C1 /* Event+Utils.swift */,
			);
			path = Extensions;
			sourceTree = "<group>";
		};
		B7726ED71B870D8300547573 /* Misc */ = {
			isa = PBXGroup;
			children = (
				B7726ED81B870DA700547573 /* DSUtils.swift */,
				B72BC2BE1B871EEB00F5B69E /* Constants.swift */,
			);
			path = Misc;
			sourceTree = "<group>";
		};
/* End PBXGroup section */

/* Begin PBXHeadersBuildPhase section */
		B72CA62D1B83D82200C4B5AC /* Headers */ = {
			isa = PBXHeadersBuildPhase;
			buildActionMask = 2147483647;
			files = (
				B72CA6341B83D82200C4B5AC /* DialsCoreManager.h in Headers */,
			);
			runOnlyForDeploymentPostprocessing = 0;
		};
/* End PBXHeadersBuildPhase section */

/* Begin PBXNativeTarget section */
		B72CA62F1B83D82200C4B5AC /* DialsCoreManager */ = {
			isa = PBXNativeTarget;
			buildConfigurationList = B72CA6441B83D82200C4B5AC /* Build configuration list for PBXNativeTarget "DialsCoreManager" */;
			buildPhases = (
				B72CA62B1B83D82200C4B5AC /* Sources */,
				B72CA62C1B83D82200C4B5AC /* Frameworks */,
				B72CA62D1B83D82200C4B5AC /* Headers */,
				B72CA62E1B83D82200C4B5AC /* Resources */,
			);
			buildRules = (
			);
			dependencies = (
			);
			name = DialsCoreManager;
			productName = DialsCoreManager;
			productReference = B72CA6301B83D82200C4B5AC /* DialsCoreManager.framework */;
			productType = "com.apple.product-type.framework";
		};
		B72CA6391B83D82200C4B5AC /* DialsCoreManagerTests */ = {
			isa = PBXNativeTarget;
			buildConfigurationList = B72CA6471B83D82200C4B5AC /* Build configuration list for PBXNativeTarget "DialsCoreManagerTests" */;
			buildPhases = (
				B72CA6361B83D82200C4B5AC /* Sources */,
				B72CA6371B83D82200C4B5AC /* Frameworks */,
				B72CA6381B83D82200C4B5AC /* Resources */,
			);
			buildRules = (
			);
			dependencies = (
				B72CA63D1B83D82200C4B5AC /* PBXTargetDependency */,
			);
			name = DialsCoreManagerTests;
			productName = DialsCoreManagerTests;
			productReference = B72CA63A1B83D82200C4B5AC /* DialsCoreManagerTests.xctest */;
			productType = "com.apple.product-type.bundle.unit-test";
		};
/* End PBXNativeTarget section */

/* Begin PBXProject section */
		B72CA6271B83D82200C4B5AC /* Project object */ = {
			isa = PBXProject;
			attributes = {
				LastSwiftUpdateCheck = 0700;
				LastUpgradeCheck = 0700;
				ORGANIZATIONNAME = DayDials;
				TargetAttributes = {
					B72CA62F1B83D82200C4B5AC = {
						CreatedOnToolsVersion = 7.0;
					};
					B72CA6391B83D82200C4B5AC = {
						CreatedOnToolsVersion = 7.0;
					};
				};
			};
			buildConfigurationList = B72CA62A1B83D82200C4B5AC /* Build configuration list for PBXProject "DialsCoreManager" */;
			compatibilityVersion = "Xcode 3.2";
			developmentRegion = English;
			hasScannedForEncodings = 0;
			knownRegions = (
				en,
			);
			mainGroup = B72CA6261B83D82200C4B5AC;
			productRefGroup = B72CA6311B83D82200C4B5AC /* Products */;
			projectDirPath = "";
			projectRoot = "";
			targets = (
				B72CA62F1B83D82200C4B5AC /* DialsCoreManager */,
				B72CA6391B83D82200C4B5AC /* DialsCoreManagerTests */,
			);
		};
/* End PBXProject section */

/* Begin PBXResourcesBuildPhase section */
		B72CA62E1B83D82200C4B5AC /* Resources */ = {
			isa = PBXResourcesBuildPhase;
			buildActionMask = 2147483647;
			files = (
			);
			runOnlyForDeploymentPostprocessing = 0;
		};
		B72CA6381B83D82200C4B5AC /* Resources */ = {
			isa = PBXResourcesBuildPhase;
			buildActionMask = 2147483647;
			files = (
			);
			runOnlyForDeploymentPostprocessing = 0;
		};
/* End PBXResourcesBuildPhase section */

/* Begin PBXSourcesBuildPhase section */
		B72CA62B1B83D82200C4B5AC /* Sources */ = {
			isa = PBXSourcesBuildPhase;
			buildActionMask = 2147483647;
			files = (
				B72CA6711B83F57C00C4B5AC /* Account.swift in Sources */,
				B745266D1B889C77001F40C1 /* Account+Utils.swift in Sources */,
				B74526711B889C8C001F40C1 /* Event+Utils.swift in Sources */,
				B72CA6501B83DA8A00C4B5AC /* User.swift in Sources */,
				B745266B1B889AF7001F40C1 /* User+Utils.swift in Sources */,
				B72CA6541B83DADD00C4B5AC /* DSAPIManager.swift in Sources */,
				B72CA64F1B83DA8A00C4B5AC /* Event.swift in Sources */,
				B7726ED91B870DA700547573 /* DSUtils.swift in Sources */,
				B745266F1B889C83001F40C1 /* Calendar+Utils.swift in Sources */,
				B72CA6521B83DAC400C4B5AC /* DSSyncManager.swift in Sources */,
				B7726EDB1B87112800547573 /* Calendar.swift in Sources */,
				B72BC2BF1B871EEB00F5B69E /* Constants.swift in Sources */,
			);
			runOnlyForDeploymentPostprocessing = 0;
		};
		B72CA6361B83D82200C4B5AC /* Sources */ = {
			isa = PBXSourcesBuildPhase;
			buildActionMask = 2147483647;
			files = (
				B72CA6401B83D82200C4B5AC /* DialsCoreManagerTests.swift in Sources */,
			);
			runOnlyForDeploymentPostprocessing = 0;
		};
/* End PBXSourcesBuildPhase section */

/* Begin PBXTargetDependency section */
		B72CA63D1B83D82200C4B5AC /* PBXTargetDependency */ = {
			isa = PBXTargetDependency;
			target = B72CA62F1B83D82200C4B5AC /* DialsCoreManager */;
			targetProxy = B72CA63C1B83D82200C4B5AC /* PBXContainerItemProxy */;
		};
/* End PBXTargetDependency section */

/* Begin XCBuildConfiguration section */
		B72CA6421B83D82200C4B5AC /* Debug */ = {
			isa = XCBuildConfiguration;
			buildSettings = {
				ALWAYS_SEARCH_USER_PATHS = NO;
				CLANG_CXX_LANGUAGE_STANDARD = "gnu++0x";
				CLANG_CXX_LIBRARY = "libc++";
				CLANG_ENABLE_MODULES = YES;
				CLANG_ENABLE_OBJC_ARC = YES;
				CLANG_WARN_BOOL_CONVERSION = YES;
				CLANG_WARN_CONSTANT_CONVERSION = YES;
				CLANG_WARN_DIRECT_OBJC_ISA_USAGE = YES_ERROR;
				CLANG_WARN_EMPTY_BODY = YES;
				CLANG_WARN_ENUM_CONVERSION = YES;
				CLANG_WARN_INT_CONVERSION = YES;
				CLANG_WARN_OBJC_ROOT_CLASS = YES_ERROR;
				CLANG_WARN_UNREACHABLE_CODE = YES;
				CLANG_WARN__DUPLICATE_METHOD_MATCH = YES;
				"CODE_SIGN_IDENTITY[sdk=iphoneos*]" = "iPhone Developer";
				COPY_PHASE_STRIP = NO;
				CURRENT_PROJECT_VERSION = 1;
				DEBUG_INFORMATION_FORMAT = dwarf;
				ENABLE_STRICT_OBJC_MSGSEND = YES;
				ENABLE_TESTABILITY = YES;
				GCC_C_LANGUAGE_STANDARD = gnu99;
				GCC_DYNAMIC_NO_PIC = NO;
				GCC_NO_COMMON_BLOCKS = YES;
				GCC_OPTIMIZATION_LEVEL = 0;
				GCC_PREPROCESSOR_DEFINITIONS = (
					"DEBUG=1",
					"$(inherited)",
				);
				GCC_WARN_64_TO_32_BIT_CONVERSION = YES;
				GCC_WARN_ABOUT_RETURN_TYPE = YES_ERROR;
				GCC_WARN_UNDECLARED_SELECTOR = YES;
				GCC_WARN_UNINITIALIZED_AUTOS = YES_AGGRESSIVE;
				GCC_WARN_UNUSED_FUNCTION = YES;
				GCC_WARN_UNUSED_VARIABLE = YES;
				IPHONEOS_DEPLOYMENT_TARGET = 9.0;
				MTL_ENABLE_DEBUG_INFO = YES;
				ONLY_ACTIVE_ARCH = YES;
				SDKROOT = iphoneos;
				SWIFT_OPTIMIZATION_LEVEL = "-Onone";
				TARGETED_DEVICE_FAMILY = "1,2";
				VERSIONING_SYSTEM = "apple-generic";
				VERSION_INFO_PREFIX = "";
			};
			name = Debug;
		};
		B72CA6431B83D82200C4B5AC /* Release */ = {
			isa = XCBuildConfiguration;
			buildSettings = {
				ALWAYS_SEARCH_USER_PATHS = NO;
				CLANG_CXX_LANGUAGE_STANDARD = "gnu++0x";
				CLANG_CXX_LIBRARY = "libc++";
				CLANG_ENABLE_MODULES = YES;
				CLANG_ENABLE_OBJC_ARC = YES;
				CLANG_WARN_BOOL_CONVERSION = YES;
				CLANG_WARN_CONSTANT_CONVERSION = YES;
				CLANG_WARN_DIRECT_OBJC_ISA_USAGE = YES_ERROR;
				CLANG_WARN_EMPTY_BODY = YES;
				CLANG_WARN_ENUM_CONVERSION = YES;
				CLANG_WARN_INT_CONVERSION = YES;
				CLANG_WARN_OBJC_ROOT_CLASS = YES_ERROR;
				CLANG_WARN_UNREACHABLE_CODE = YES;
				CLANG_WARN__DUPLICATE_METHOD_MATCH = YES;
				"CODE_SIGN_IDENTITY[sdk=iphoneos*]" = "iPhone Developer";
				COPY_PHASE_STRIP = NO;
				CURRENT_PROJECT_VERSION = 1;
				DEBUG_INFORMATION_FORMAT = "dwarf-with-dsym";
				ENABLE_NS_ASSERTIONS = NO;
				ENABLE_STRICT_OBJC_MSGSEND = YES;
				GCC_C_LANGUAGE_STANDARD = gnu99;
				GCC_NO_COMMON_BLOCKS = YES;
				GCC_WARN_64_TO_32_BIT_CONVERSION = YES;
				GCC_WARN_ABOUT_RETURN_TYPE = YES_ERROR;
				GCC_WARN_UNDECLARED_SELECTOR = YES;
				GCC_WARN_UNINITIALIZED_AUTOS = YES_AGGRESSIVE;
				GCC_WARN_UNUSED_FUNCTION = YES;
				GCC_WARN_UNUSED_VARIABLE = YES;
				IPHONEOS_DEPLOYMENT_TARGET = 9.0;
				MTL_ENABLE_DEBUG_INFO = NO;
				SDKROOT = iphoneos;
				TARGETED_DEVICE_FAMILY = "1,2";
				VALIDATE_PRODUCT = YES;
				VERSIONING_SYSTEM = "apple-generic";
				VERSION_INFO_PREFIX = "";
			};
			name = Release;
		};
		B72CA6451B83D82200C4B5AC /* Debug */ = {
			isa = XCBuildConfiguration;
			buildSettings = {
				CLANG_ENABLE_MODULES = YES;
				DEFINES_MODULE = YES;
				DYLIB_COMPATIBILITY_VERSION = 1;
				DYLIB_CURRENT_VERSION = 1;
				DYLIB_INSTALL_NAME_BASE = "@rpath";
				INFOPLIST_FILE = DialsCoreManager/Info.plist;
				INSTALL_PATH = "$(LOCAL_LIBRARY_DIR)/Frameworks";
				LD_RUNPATH_SEARCH_PATHS = "$(inherited) @executable_path/Frameworks @loader_path/Frameworks";
				PRODUCT_BUNDLE_IDENTIFIER = com.dialsapp.DialsCoreManager;
				PRODUCT_NAME = "$(TARGET_NAME)";
				SKIP_INSTALL = YES;
				SWIFT_OPTIMIZATION_LEVEL = "-Onone";
			};
			name = Debug;
		};
		B72CA6461B83D82200C4B5AC /* Release */ = {
			isa = XCBuildConfiguration;
			buildSettings = {
				CLANG_ENABLE_MODULES = YES;
				DEFINES_MODULE = YES;
				DYLIB_COMPATIBILITY_VERSION = 1;
				DYLIB_CURRENT_VERSION = 1;
				DYLIB_INSTALL_NAME_BASE = "@rpath";
				INFOPLIST_FILE = DialsCoreManager/Info.plist;
				INSTALL_PATH = "$(LOCAL_LIBRARY_DIR)/Frameworks";
				LD_RUNPATH_SEARCH_PATHS = "$(inherited) @executable_path/Frameworks @loader_path/Frameworks";
				PRODUCT_BUNDLE_IDENTIFIER = com.dialsapp.DialsCoreManager;
				PRODUCT_NAME = "$(TARGET_NAME)";
				SKIP_INSTALL = YES;
			};
			name = Release;
		};
		B72CA6481B83D82200C4B5AC /* Debug */ = {
			isa = XCBuildConfiguration;
			buildSettings = {
				INFOPLIST_FILE = DialsCoreManagerTests/Info.plist;
				LD_RUNPATH_SEARCH_PATHS = "$(inherited) @executable_path/Frameworks @loader_path/Frameworks";
				PRODUCT_BUNDLE_IDENTIFIER = com.dialsapp.DialsCoreManagerTests;
				PRODUCT_NAME = "$(TARGET_NAME)";
			};
			name = Debug;
		};
		B72CA6491B83D82200C4B5AC /* Release */ = {
			isa = XCBuildConfiguration;
			buildSettings = {
				INFOPLIST_FILE = DialsCoreManagerTests/Info.plist;
				LD_RUNPATH_SEARCH_PATHS = "$(inherited) @executable_path/Frameworks @loader_path/Frameworks";
				PRODUCT_BUNDLE_IDENTIFIER = com.dialsapp.DialsCoreManagerTests;
				PRODUCT_NAME = "$(TARGET_NAME)";
			};
			name = Release;
		};
/* End XCBuildConfiguration section */

/* Begin XCConfigurationList section */
		B72CA62A1B83D82200C4B5AC /* Build configuration list for PBXProject "DialsCoreManager" */ = {
			isa = XCConfigurationList;
			buildConfigurations = (
				B72CA6421B83D82200C4B5AC /* Debug */,
				B72CA6431B83D82200C4B5AC /* Release */,
			);
			defaultConfigurationIsVisible = 0;
			defaultConfigurationName = Release;
		};
		B72CA6441B83D82200C4B5AC /* Build configuration list for PBXNativeTarget "DialsCoreManager" */ = {
			isa = XCConfigurationList;
			buildConfigurations = (
				B72CA6451B83D82200C4B5AC /* Debug */,
				B72CA6461B83D82200C4B5AC /* Release */,
			);
			defaultConfigurationIsVisible = 0;
			defaultConfigurationName = Release;
		};
		B72CA6471B83D82200C4B5AC /* Build configuration list for PBXNativeTarget "DialsCoreManagerTests" */ = {
			isa = XCConfigurationList;
			buildConfigurations = (
				B72CA6481B83D82200C4B5AC /* Debug */,
				B72CA6491B83D82200C4B5AC /* Release */,
			);
			defaultConfigurationIsVisible = 0;
			defaultConfigurationName = Release;
		};
/* End XCConfigurationList section */
	};
	rootObject = B72CA6271B83D82200C4B5AC /* Project object */;
}
